
Microsoft Visual Studio Solution File, Format Version 12.00
# Visual Studio 15
VisualStudioVersion = 15.0.27130.2036
MinimumVisualStudioVersion = 10.0.40219.1
Project("{8BC9CEB8-8B4A-11D0-8D11-00A0C91BC942}") = "kunlauncher", "SFUI-Whorehouse\SFUI-Whorehouse.vcxproj", "{14A09E4A-86C2-4922-9292-783E0AFE24FE}"
EndProject
Project("{8BC9CEB8-8B4A-11D0-8D11-00A0C91BC942}") = "appmanager", "appmanager\appmanager.vcxproj", "{9152E00E-9F2C-445E-8075-A1282B48F5AD}"
EndProject
Global
	GlobalSection(SolutionConfigurationPlatforms) = preSolution
		Debug no Console|x64 = Debug no Console|x64
		Debug no Console|x86 = Debug no Console|x86
		Debug|x64 = Debug|x64
		Debug|x86 = Debug|x86
		Release|x64 = Release|x64
		Release|x86 = Release|x86
	EndGlobalSection
	GlobalSection(ProjectConfigurationPlatforms) = postSolution
		{14A09E4A-86C2-4922-9292-783E0AFE24FE}.Debug no Console|x64.ActiveCfg = Debug no Console|x64
		{14A09E4A-86C2-4922-9292-783E0AFE24FE}.Debug no Console|x64.Build.0 = Debug no Console|x64
		{14A09E4A-86C2-4922-9292-783E0AFE24FE}.Debug no Console|x86.ActiveCfg = Debug no Console|Win32
		{14A09E4A-86C2-4922-9292-783E0AFE24FE}.Debug no Console|x86.Build.0 = Debug no Console|Win32
		{14A09E4A-86C2-4922-9292-783E0AFE24FE}.Debug|x64.ActiveCfg = Debug|x64
		{14A09E4A-86C2-4922-9292-783E0AFE24FE}.Debug|x64.Build.0 = Debug|x64
		{14A09E4A-86C2-4922-9292-783E0AFE24FE}.Debug|x86.ActiveCfg = Debug|Win32
		{14A09E4A-86C2-4922-9292-783E0AFE24FE}.Debug|x86.Build.0 = Debug|Win32
		{14A09E4A-86C2-4922-9292-783E0AFE24FE}.Release|x64.ActiveCfg = Release|x64
		{14A09E4A-86C2-4922-9292-783E0AFE24FE}.Release|x64.Build.0 = Release|x64
		{14A09E4A-86C2-4922-9292-783E0AFE24FE}.Release|x86.ActiveCfg = Release|Win32
		{14A09E4A-86C2-4922-9292-783E0AFE24FE}.Release|x86.Build.0 = Release|Win32
		{9152E00E-9F2C-445E-8075-A1282B48F5AD}.Debug no Console|x64.ActiveCfg = Debug no Console|x64
		{9152E00E-9F2C-445E-8075-A1282B48F5AD}.Debug no Console|x64.Build.0 = Debug no Console|x64
		{9152E00E-9F2C-445E-8075-A1282B48F5AD}.Debug no Console|x86.ActiveCfg = Debug no Console|Win32
		{9152E00E-9F2C-445E-8075-A1282B48F5AD}.Debug no Console|x86.Build.0 = Debug no Console|Win32
		{9152E00E-9F2C-445E-8075-A1282B48F5AD}.Debug|x64.ActiveCfg = Debug|x64
		{9152E00E-9F2C-445E-8075-A1282B48F5AD}.Debug|x64.Build.0 = Debug|x64
		{9152E00E-9F2C-445E-8075-A1282B48F5AD}.Debug|x86.ActiveCfg = Debug|Win32
		{9152E00E-9F2C-445E-8075-A1282B48F5AD}.Debug|x86.Build.0 = Debug|Win32
		{9152E00E-9F2C-445E-8075-A1282B48F5AD}.Release|x64.ActiveCfg = Release|x64
		{9152E00E-9F2C-445E-8075-A1282B48F5AD}.Release|x64.Build.0 = Release|x64
		{9152E00E-9F2C-445E-8075-A1282B48F5AD}.Release|x86.ActiveCfg = Release|Win32
		{9152E00E-9F2C-445E-8075-A1282B48F5AD}.Release|x86.Build.0 = Release|Win32
	EndGlobalSection
	GlobalSection(SolutionProperties) = preSolution
		HideSolutionNode = FALSE
	EndGlobalSection
	GlobalSection(ExtensibilityGlobals) = postSolution
		SolutionGuid = {BB86F171-AC62-40AE-8323-527434254D8B}
	EndGlobalSection
EndGlobal
