<?xml version="1.0" encoding="utf-8"?>
<Project ToolsVersion="4.0" xmlns="http://schemas.microsoft.com/developer/msbuild/2003">
  <ItemGroup>
    <ClCompile Include="AllAppsListState.cpp" />
    <ClCompile Include="App.cpp" />
    <ClCompile Include="AppWindow.cpp" />
    <ClCompile Include="ColorInputBox.cpp" />
    <ClCompile Include="Globals.cpp" />
    <ClCompile Include="MyApp.cpp" />
    <ClCompile Include="Navbar.cpp" />
    <ClCompile Include="News.cpp" />
    <ClCompile Include="Version.cpp" />
    <ClCompile Include="Theme.cpp" />
    <ClCompile Include="StoreApp.cpp" />
    <ClCompile Include="SettingsParser.cpp" />
    <ClCompile Include="Download.cpp" />
    <ClCompile Include="MyAppListState.cpp" />
    <ClCompile Include="HomeState.cpp" />
    <ClCompile Include="InitialiseState.cpp" />
    <ClCompile Include="LauncherUpdater.cpp" />
    <ClCompile Include="main.cpp" />
    <ClCompile Include="MessageBox.cpp" />
    <ClCompile Include="AppEngine.cpp" />
    <ClCompile Include="ProgressBar.cpp" />
    <ClCompile Include="ResourceManager.cpp" />
    <ClCompile Include="SettingsState.cpp" />
    <ClCompile Include="ThreadManager.cpp" />
    <ClCompile Include="VerticalScrollbar.cpp" />
    <ClCompile Include="AnimationManager.cpp" />
    <ClCompile Include="Interpolate.cpp" />
  </ItemGroup>
  <ItemGroup>
    <ClInclude Include="AllAppsListState.hpp" />
    <ClInclude Include="App.hpp" />
    <ClInclude Include="AppWindow.hpp" />
    <ClInclude Include="ColorInputBox.hpp" />
    <ClInclude Include="MyApp.hpp" />
    <ClInclude Include="Navbar.hpp" />
    <ClInclude Include="News.hpp" />
    <ClInclude Include="Theme.hpp" />
    <ClInclude Include="Version.hpp" />
    <ClInclude Include="StoreApp.hpp" />
    <ClInclude Include="SettingsParser.hpp" />
    <ClInclude Include="Globals.hpp" />
    <ClInclude Include="Download.hpp" />
    <ClInclude Include="MyAppListState.hpp" />
    <ClInclude Include="HomeState.hpp" />
    <ClInclude Include="InitialiseState.hpp" />
    <ClInclude Include="LauncherUpdater.hpp" />
    <ClInclude Include="MessageBox.hpp" />
    <ClInclude Include="AppEngine.hpp" />
    <ClInclude Include="AppState.hpp" />
    <ClInclude Include="ProgressBar.hpp" />
    <ClInclude Include="ResourceManager.hpp" />
    <ClInclude Include="SettingsState.hpp" />
    <ClInclude Include="ThreadManager.hpp" />
    <ClInclude Include="VerticalScrollbar.hpp" />
    <ClInclude Include="Interpolate.hpp" />
    <ClInclude Include="AnimationManager.hpp" />
  </ItemGroup>
</Project>