<?xml version="1.0" encoding="utf-8"?>
<Project ToolsVersion="4.0" xmlns="http://schemas.microsoft.com/developer/msbuild/2003">
  <ItemGroup>
    <Filter Include="Source Files">
      <UniqueIdentifier>{4FC737F1-C7A5-4376-A066-2A32D752A2FF}</UniqueIdentifier>
      <Extensions>cpp;c;cc;cxx;def;odl;idl;hpj;bat;asm;asmx</Extensions>
    </Filter>
    <Filter Include="Source Files\Backend">
      <UniqueIdentifier>{caae652c-4633-4dbc-a7bc-ffb000be1681}</UniqueIdentifier>
    </Filter>
    <Filter Include="Source Files\Backend\Base">
      <UniqueIdentifier>{a925831e-8462-4458-9125-ee861f290a14}</UniqueIdentifier>
    </Filter>
    <Filter Include="Source Files\Backend\Graphics">
      <UniqueIdentifier>{8b23f8a4-1ca8-46b3-a1eb-59f55618fba1}</UniqueIdentifier>
    </Filter>
    <Filter Include="Source Files\Launcher">
      <UniqueIdentifier>{49766223-fb17-4305-bf41-56373eb750a1}</UniqueIdentifier>
    </Filter>
    <Filter Include="Source Files\Launcher\States">
      <UniqueIdentifier>{849e70b2-49f7-4852-9ad7-bae2d05af7e3}</UniqueIdentifier>
    </Filter>
    <Filter Include="Source Files\Launcher\States\Home">
      <UniqueIdentifier>{967f3594-d6e8-4e87-8fd5-bf62cce0831f}</UniqueIdentifier>
    </Filter>
    <Filter Include="Source Files\Launcher\States\Init">
      <UniqueIdentifier>{7fb316ba-a8c9-4dad-8643-ffe261ae48ea}</UniqueIdentifier>
    </Filter>
    <Filter Include="Source Files\Launcher\States\Settings">
      <UniqueIdentifier>{f54b5d0c-686b-4e3e-b850-6a7a389580ea}</UniqueIdentifier>
    </Filter>
    <Filter Include="Source Files\Launcher\States\AppLists">
      <UniqueIdentifier>{e9bd4a02-f3ff-4774-a9ec-eec52e0e48a5}</UniqueIdentifier>
    </Filter>
    <Filter Include="Source Files\Launcher\States\AppLists\AllAppsList">
      <UniqueIdentifier>{137c3aa3-2768-439f-869a-c9343cff8549}</UniqueIdentifier>
    </Filter>
    <Filter Include="Source Files\Launcher\States\AppLists\MyAppList">
      <UniqueIdentifier>{12a224ad-429e-4800-a713-ea9138b7adfe}</UniqueIdentifier>
    </Filter>
  </ItemGroup>
  <ItemGroup>
    <ClCompile Include="main.cpp">
      <Filter>Source Files</Filter>
    </ClCompile>
    <ClCompile Include="Download.cpp">
      <Filter>Source Files\Backend</Filter>
    </ClCompile>
    <ClCompile Include="ThreadManager.cpp">
      <Filter>Source Files\Backend</Filter>
    </ClCompile>
    <ClCompile Include="AppEngine.cpp">
      <Filter>Source Files\Backend\Base</Filter>
    </ClCompile>
    <ClCompile Include="HomeState.cpp">
      <Filter>Source Files\Launcher\States\Home</Filter>
    </ClCompile>
    <ClCompile Include="ResourceManager.cpp">
      <Filter>Source Files\Backend</Filter>
    </ClCompile>
    <ClCompile Include="Section.cpp">
      <Filter>Source Files\Launcher\States\Home</Filter>
    </ClCompile>
    <ClCompile Include="ProgressBar.cpp">
      <Filter>Source Files\Backend\Graphics</Filter>
    </ClCompile>
    <ClCompile Include="MessageBox.cpp">
      <Filter>Source Files\Backend\Graphics</Filter>
    </ClCompile>
    <ClCompile Include="InitialiseState.cpp">
      <Filter>Source Files\Launcher\States\Init</Filter>
    </ClCompile>
    <ClCompile Include="LauncherUpdater.cpp">
      <Filter>Source Files\Backend</Filter>
    </ClCompile>
    <ClCompile Include="SettingsState.cpp">
      <Filter>Source Files\Launcher\States\Settings</Filter>
    </ClCompile>
    <ClCompile Include="SettingsParser.cpp">
      <Filter>Source Files\Backend</Filter>
    </ClCompile>
    <ClCompile Include="Globals.cpp">
      <Filter>Source Files\Backend</Filter>
    </ClCompile>
    <ClCompile Include="VisualChangeLog.cpp">
      <Filter>Source Files\Backend\Graphics</Filter>
    </ClCompile>
    <ClCompile Include="MyAppListState.cpp">
      <Filter>Source Files\Launcher\States\AppLists\MyAppList</Filter>
    </ClCompile>
    <ClCompile Include="Item.cpp">
      <Filter>Source Files\Launcher\States\AppLists</Filter>
    </ClCompile>
    <ClCompile Include="Link.cpp">
      <Filter>Source Files\Launcher\States\AppLists</Filter>
    </ClCompile>
    <ClCompile Include="AllAppsListState.cpp">
      <Filter>Source Files\Launcher\States\AppLists\AllAppsList</Filter>
    </ClCompile>
  </ItemGroup>
  <ItemGroup>
    <ClInclude Include="Download.hpp">
      <Filter>Source Files\Backend</Filter>
    </ClInclude>
    <ClInclude Include="ThreadManager.hpp">
      <Filter>Source Files\Backend</Filter>
    </ClInclude>
    <ClInclude Include="AppEngine.hpp">
      <Filter>Source Files\Backend\Base</Filter>
    </ClInclude>
    <ClInclude Include="AppState.hpp">
      <Filter>Source Files\Backend\Base</Filter>
    </ClInclude>
    <ClInclude Include="Globals.hpp">
      <Filter>Source Files\Backend</Filter>
    </ClInclude>
    <ClInclude Include="HomeState.hpp">
      <Filter>Source Files\Launcher\States\Home</Filter>
    </ClInclude>
    <ClInclude Include="ResourceManager.hpp">
      <Filter>Source Files\Backend</Filter>
    </ClInclude>
    <ClInclude Include="Section.hpp">
      <Filter>Source Files\Launcher\States\Home</Filter>
    </ClInclude>
    <ClInclude Include="ProgressBar.hpp">
      <Filter>Source Files\Backend\Graphics</Filter>
    </ClInclude>
    <ClInclude Include="MessageBox.hpp">
      <Filter>Source Files\Backend\Graphics</Filter>
    </ClInclude>
    <ClInclude Include="InitialiseState.hpp">
      <Filter>Source Files\Launcher\States\Init</Filter>
    </ClInclude>
    <ClInclude Include="LauncherUpdater.hpp">
      <Filter>Source Files\Backend</Filter>
    </ClInclude>
    <ClInclude Include="SettingsState.hpp">
      <Filter>Source Files\Launcher\States\Settings</Filter>
    </ClInclude>
    <ClInclude Include="SettingsParser.hpp">
      <Filter>Source Files\Backend</Filter>
    </ClInclude>
    <ClInclude Include="VisualChangeLog.hpp">
      <Filter>Source Files\Backend\Graphics</Filter>
    </ClInclude>
    <ClInclude Include="MyAppListState.hpp">
      <Filter>Source Files\Launcher\States\AppLists\MyAppList</Filter>
    </ClInclude>
    <ClInclude Include="Link.hpp">
      <Filter>Source Files\Launcher\States\AppLists</Filter>
    </ClInclude>
    <ClInclude Include="Item.hpp">
      <Filter>Source Files\Launcher\States\AppLists</Filter>
    </ClInclude>
    <ClInclude Include="AllAppsListState.hpp">
      <Filter>Source Files\Launcher\States\AppLists\AllAppsList</Filter>
    </ClInclude>
  </ItemGroup>
</Project>